
Microsoft Visual Studio Solution File, Format Version 12.00
# Visual Studio Version 17
VisualStudioVersion = 17.6.33829.357
MinimumVisualStudioVersion = 10.0.40219.1
Project("{FAE04EC0-301F-11D3-BF4B-00C04F79EFBC}") = "CRUD_Tako", "CRUD_Tako.csproj", "{95399F27-9C2D-4C63-B302-F080AF45FF52}"
EndProject
Global
	GlobalSection(SolutionConfigurationPlatforms) = preSolution
		Debug|Any CPU = Debug|Any CPU
		Release|Any CPU = Release|Any CPU
	EndGlobalSection
	GlobalSection(ProjectConfigurationPlatforms) = postSolution
		{95399F27-9C2D-4C63-B302-F080AF45FF52}.Debug|Any CPU.ActiveCfg = Debug|Any CPU
		{95399F27-9C2D-4C63-B302-F080AF45FF52}.Debug|Any CPU.Build.0 = Debug|Any CPU
		{95399F27-9C2D-4C63-B302-F080AF45FF52}.Release|Any CPU.ActiveCfg = Release|Any CPU
		{95399F27-9C2D-4C63-B302-F080AF45FF52}.Release|Any CPU.Build.0 = Release|Any CPU
	EndGlobalSection
	GlobalSection(SolutionProperties) = preSolution
		HideSolutionNode = FALSE
	EndGlobalSection
	GlobalSection(ExtensibilityGlobals) = postSolution
		SolutionGuid = {7E7E8973-BD79-4141-B4BA-8A679179874B}
	EndGlobalSection
EndGlobal
